github.com/soypat/cyw43439 v0.0.0-20250505012923-830110c8f4af h1:ZfFq94aH/BCSWWKd9RPUgdHOdgGKCnfl2VdvU9UksTA=
github.com/soypat/cyw43439 v0.0.0-20250505012923-830110c8f4af/go.mod h1:MUaGO5m6X7xrkHrPDmnaxCEcuCCFN/0ZFh9oie+exbU=
github.com/soypat/seqs v0.0.0-20250124201400-0d65bc7c1710 h1:Y9fBuiR/urFY/m76+SAZTxk2xAOS2n85f+H1CugajeA=
github.com/soypat/seqs v0.0.0-20250124201400-0d65bc7c1710/go.mod h1:oCVCNGCHMKoBj97Zp9znLbQ1nHxpkmOY9X+UAGzOxc8=
github.com/tinygo-org/pio v0.2.0 h1:vo3xa6xDZ2rVtxrks/KcTZHF3qq4lyWOntvEvl2pOhU=
github.com/tinygo-org/pio v0.2.0/go.mod h1:LU7Dw00NJ+N86QkeTGjMLNkYcEYMor6wTDpTCu0EaH8=
golang.org/x/exp v0.0.0-20240808152545-0cdaa3abc0fa h1:ELnwvuAXPNtPk1TJRuGkI9fDTwym6AYBu0qzT8AcHdI=
golang.org/x/exp v0.0.0-20240808152545-0cdaa3abc0fa/go.mod h1:akd2r19cwCdwSwWeIdzYQGa/EZZyqcOdwWiwj5L5eKQ=
